Microsoft Visual Studio Solution File, Format Version 12.00
# Visual Studio Version 17
VisualStudioVersion = 17.14.37502.11 d17.14
MinimumVisualStudioVersion = 10.0.40219.1
Project("{2150E333-8FDC-42A3-9474-1A3956D46DE8}") = "src", "src", "{E3442D36-1022-4980-8C03-D773B8E66BC1}"
EndProject
Project("{FAE04EC0-301F-11D3-BF4B-00C04F79EFBC}") = "MasrLab.Domain", "src\MasrLab.Domain\MasrLab.Domain.csproj", "{61F7BEB3-FB7A-4DFB-B199-DC5FDDD8DD3B}"
EndProject
Project("{FAE04EC0-301F-11D3-BF4B-00C04F79EFBC}") = "MasrLab.Application", "src\MasrLab.Application\MasrLab.Application.csproj", "{E789F4D6-942B-48DA-BAC5-5A4A57FC598C}"
EndProject
Project("{FAE04EC0-301F-11D3-BF4B-00C04F79EFBC}") = "MasrLab.Infrastructure", "src\MasrLab.Infrastructure\MasrLab.Infrastructure.csproj", "{5A3F809B-F2A7-4552-B505-59FB57A0F2FD}"
EndProject
Project("{FAE04EC0-301F-11D3-BF4B-00C04F79EFBC}") = "MasrLab", "src\MasrLab.Presentation\MasrLab.csproj", "{7C1A35C0-18E0-41C0-8EA1-DC0BD935E975}"
EndProject
Project("{2150E333-8FDC-42A3-9474-1A3956D46DE8}") = "tests", "tests", "{CAAD5A88-F990-4328-AF42-2C570CDF825C}"
EndProject
Project("{FAE04EC0-301F-11D3-BF4B-00C04F79EFBC}") = "MasrLab.Domain.Tests", "tests\MasrLab.Domain.Tests\MasrLab.Domain.Tests.csproj", "{B46A084A-F5EB-414E-B79E-EADE9B3BA532}"
EndProject
Project("{FAE04EC0-301F-11D3-BF4B-00C04F79EFBC}") = "MasrLab.Application.Tests", "tests\MasrLab.Application.Tests\MasrLab.Application.Tests.csproj", "{4C34437E-EDAD-4052-BB83-24E7529D5BE5}"
EndProject
Project("{FAE04EC0-301F-11D3-BF4B-00C04F79EFBC}") = "MasrLab.Infrastructure.Tests", "tests\MasrLab.Infrastructure.Tests\MasrLab.Infrastructure.Tests.csproj", "{D00FC1F5-B166-4246-B04D-3CE0EBA367EB}"
EndProject
Global
	GlobalSection(SolutionProperties) = preSolution
		HideSolutionNode = FALSE
	EndGlobalSection
	GlobalSection(ExtensibilityGlobals) = postSolution
		SolutionGuid = {27AF51B1-A23A-44AB-A67A-2A0D46BFFA78}
	EndGlobalSection
	GlobalSection(SolutionConfigurationPlatforms) = preSolution
		Debug|Any CPU = Debug|Any CPU
		Debug|x64 = Debug|x64
		Debug|x86 = Debug|x86
		Release|Any CPU = Release|Any CPU
		Release|x64 = Release|x64
		Release|x86 = Release|x86
	EndGlobalSection
	GlobalSection(ProjectConfigurationPlatforms) = postSolution
		{61F7BEB3-FB7A-4DFB-B199-DC5FDDD8DD3B}.Debug|Any CPU.ActiveCfg = Debug|Any CPU
		{61F7BEB3-FB7A-4DFB-B199-DC5FDDD8DD3B}.Debug|Any CPU.Build.0 = Debug|Any CPU
		{61F7BEB3-FB7A-4DFB-B199-DC5FDDD8DD3B}.Debug|x64.ActiveCfg = Debug|Any CPU
		{61F7BEB3-FB7A-4DFB-B199-DC5FDDD8DD3B}.Debug|x64.Build.0 = Debug|Any CPU
		{61F7BEB3-FB7A-4DFB-B199-DC5FDDD8DD3B}.Debug|x86.ActiveCfg = Debug|Any CPU
		{61F7BEB3-FB7A-4DFB-B199-DC5FDDD8DD3B}.Debug|x86.Build.0 = Debug|Any CPU
		{61F7BEB3-FB7A-4DFB-B199-DC5FDDD8DD3B}.Release|Any CPU.ActiveCfg = Release|Any CPU
		{61F7BEB3-FB7A-4DFB-B199-DC5FDDD8DD3B}.Release|Any CPU.Build.0 = Release|Any CPU
		{61F7BEB3-FB7A-4DFB-B199-DC5FDDD8DD3B}.Release|x64.ActiveCfg = Release|Any CPU
		{61F7BEB3-FB7A-4DFB-B199-DC5FDDD8DD3B}.Release|x64.Build.0 = Release|Any CPU
		{61F7BEB3-FB7A-4DFB-B199-DC5FDDD8DD3B}.Release|x86.ActiveCfg = Release|Any CPU
		{61F7BEB3-FB7A-4DFB-B199-DC5FDDD8DD3B}.Release|x86.Build.0 = Release|Any CPU
		{E789F4D6-942B-48DA-BAC5-5A4A57FC598C}.Debug|Any CPU.ActiveCfg = Debug|Any CPU
		{E789F4D6-942B-48DA-BAC5-5A4A57FC598C}.Debug|Any CPU.Build.0 = Debug|Any CPU
		{E789F4D6-942B-48DA-BAC5-5A4A57FC598C}.Debug|x64.ActiveCfg = Debug|Any CPU
		{E789F4D6-942B-48DA-BAC5-5A4A57FC598C}.Debug|x64.Build.0 = Debug|Any CPU
		{E789F4D6-942B-48DA-BAC5-5A4A57FC598C}.Debug|x86.ActiveCfg = Debug|Any CPU
		{E789F4D6-942B-48DA-BAC5-5A4A57FC598C}.Debug|x86.Build.0 = Debug|Any CPU
		{E789F4D6-942B-48DA-BAC5-5A4A57FC598C}.Release|Any CPU.ActiveCfg = Release|Any CPU
		{E789F4D6-942B-48DA-BAC5-5A4A57FC598C}.Release|Any CPU.Build.0 = Release|Any CPU
		{E789F4D6-942B-48DA-BAC5-5A4A57FC598C}.Release|x64.ActiveCfg = Release|Any CPU
		{E789F4D6-942B-48DA-BAC5-5A4A57FC598C}.Release|x64.Build.0 = Release|Any CPU
		{E789F4D6-942B-48DA-BAC5-5A4A57FC598C}.Release|x86.ActiveCfg = Release|Any CPU
		{E789F4D6-942B-48DA-BAC5-5A4A57FC598C}.Release|x86.Build.0 = Release|Any CPU
		{5A3F809B-F2A7-4552-B505-59FB57A0F2FD}.Debug|Any CPU.ActiveCfg = Debug|Any CPU
		{5A3F809B-F2A7-4552-B505-59FB57A0F2FD}.Debug|Any CPU.Build.0 = Debug|Any CPU
		{5A3F809B-F2A7-4552-B505-59FB57A0F2FD}.Debug|x64.ActiveCfg = Debug|Any CPU
		{5A3F809B-F2A7-4552-B505-59FB57A0F2FD}.Debug|x64.Build.0 = Debug|Any CPU
		{5A3F809B-F2A7-4552-B505-59FB57A0F2FD}.Debug|x86.ActiveCfg = Debug|Any CPU
		{5A3F809B-F2A7-4552-B505-59FB57A0F2FD}.Debug|x86.Build.0 = Debug|Any CPU
		{5A3F809B-F2A7-4552-B505-59FB57A0F2FD}.Release|Any CPU.ActiveCfg = Release|Any CPU
		{5A3F809B-F2A7-4552-B505-59FB57A0F2FD}.Release|Any CPU.Build.0 = Release|Any CPU
		{5A3F809B-F2A7-4552-B505-59FB57A0F2FD}.Release|x64.ActiveCfg = Release|Any CPU
		{5A3F809B-F2A7-4552-B505-59FB57A0F2FD}.Release|x64.Build.0 = Release|Any CPU
		{5A3F809B-F2A7-4552-B505-59FB57A0F2FD}.Release|x86.ActiveCfg = Release|Any CPU
		{5A3F809B-F2A7-4552-B505-59FB57A0F2FD}.Release|x86.Build.0 = Release|Any CPU
		{7C1A35C0-18E0-41C0-8EA1-DC0BD935E975}.Debug|Any CPU.ActiveCfg = Debug|Any CPU
		{7C1A35C0-18E0-41C0-8EA1-DC0BD935E975}.Debug|Any CPU.Build.0 = Debug|Any CPU
		{7C1A35C0-18E0-41C0-8EA1-DC0BD935E975}.Debug|x64.ActiveCfg = Debug|Any CPU
		{7C1A35C0-18E0-41C0-8EA1-DC0BD935E975}.Debug|x64.Build.0 = Debug|Any CPU
		{7C1A35C0-18E0-41C0-8EA1-DC0BD935E975}.Debug|x86.ActiveCfg = Debug|Any CPU
		{7C1A35C0-18E0-41C0-8EA1-DC0BD935E975}.Debug|x86.Build.0 = Debug|Any CPU
		{7C1A35C0-18E0-41C0-8EA1-DC0BD935E975}.Release|Any CPU.ActiveCfg = Release|Any CPU
		{7C1A35C0-18E0-41C0-8EA1-DC0BD935E975}.Release|Any CPU.Build.0 = Release|Any CPU
		{7C1A35C0-18E0-41C0-8EA1-DC0BD935E975}.Release|x64.ActiveCfg = Release|Any CPU
		{7C1A35C0-18E0-41C0-8EA1-DC0BD935E975}.Release|x64.Build.0 = Release|Any CPU
		{7C1A35C0-18E0-41C0-8EA1-DC0BD935E975}.Release|x86.ActiveCfg = Release|Any CPU
		{7C1A35C0-18E0-41C0-8EA1-DC0BD935E975}.Release|x86.Build.0 = Release|Any CPU
		{B46A084A-F5EB-414E-B79E-EADE9B3BA532}.Debug|Any CPU.ActiveCfg = Debug|Any CPU
		{B46A084A-F5EB-414E-B79E-EADE9B3BA532}.Debug|Any CPU.Build.0 = Debug|Any CPU
		{B46A084A-F5EB-414E-B79E-EADE9B3BA532}.Debug|x64.ActiveCfg = Debug|Any CPU
		{B46A084A-F5EB-414E-B79E-EADE9B3BA532}.Debug|x64.Build.0 = Debug|Any CPU
		{B46A084A-F5EB-414E-B79E-EADE9B3BA532}.Debug|x86.ActiveCfg = Debug|Any CPU
		{B46A084A-F5EB-414E-B79E-EADE9B3BA532}.Debug|x86.Build.0 = Debug|Any CPU
		{B46A084A-F5EB-414E-B79E-EADE9B3BA532}.Release|Any CPU.ActiveCfg = Release|Any CPU
		{B46A084A-F5EB-414E-B79E-EADE9B3BA532}.Release|Any CPU.Build.0 = Release|Any CPU
		{B46A084A-F5EB-414E-B79E-EADE9B3BA532}.Release|x64.ActiveCfg = Release|Any CPU
		{B46A084A-F5EB-414E-B79E-EADE9B3BA532}.Release|x64.Build.0 = Release|Any CPU
		{B46A084A-F5EB-414E-B79E-EADE9B3BA532}.Release|x86.ActiveCfg = Release|Any CPU
		{B46A084A-F5EB-414E-B79E-EADE9B3BA532}.Release|x86.Build.0 = Release|Any CPU
		{4C34437E-EDAD-4052-BB83-24E7529D5BE5}.Debug|Any CPU.ActiveCfg = Debug|Any CPU
		{4C34437E-EDAD-4052-BB83-24E7529D5BE5}.Debug|Any CPU.Build.0 = Debug|Any CPU
		{4C34437E-EDAD-4052-BB83-24E7529D5BE5}.Debug|x64.ActiveCfg = Debug|Any CPU
		{4C34437E-EDAD-4052-BB83-24E7529D5BE5}.Debug|x64.Build.0 = Debug|Any CPU
		{4C34437E-EDAD-4052-BB83-24E7529D5BE5}.Debug|x86.ActiveCfg = Debug|Any CPU
		{4C34437E-EDAD-4052-BB83-24E7529D5BE5}.Debug|x86.Build.0 = Debug|Any CPU
		{4C34437E-EDAD-4052-BB83-24E7529D5BE5}.Release|Any CPU.ActiveCfg = Release|Any CPU
		{4C34437E-EDAD-4052-BB83-24E7529D5BE5}.Release|Any CPU.Build.0 = Release|Any CPU
		{4C34437E-EDAD-4052-BB83-24E7529D5BE5}.Release|x64.ActiveCfg = Release|Any CPU
		{4C34437E-EDAD-4052-BB83-24E7529D5BE5}.Release|x64.Build.0 = Release|Any CPU
		{4C34437E-EDAD-4052-BB83-24E7529D5BE5}.Release|x86.ActiveCfg = Release|Any CPU
		{4C34437E-EDAD-4052-BB83-24E7529D5BE5}.Release|x86.Build.0 = Release|Any CPU
		{D00FC1F5-B166-4246-B04D-3CE0EBA367EB}.Debug|Any CPU.ActiveCfg = Debug|Any CPU
		{D00FC1F5-B166-4246-B04D-3CE0EBA367EB}.Debug|Any CPU.Build.0 = Debug|Any CPU
		{D00FC1F5-B166-4246-B04D-3CE0EBA367EB}.Debug|x64.ActiveCfg = Debug|Any CPU
		{D00FC1F5-B166-4246-B04D-3CE0EBA367EB}.Debug|x64.Build.0 = Debug|Any CPU
		{D00FC1F5-B166-4246-B04D-3CE0EBA367EB}.Debug|x86.ActiveCfg = Debug|Any CPU
		{D00FC1F5-B166-4246-B04D-3CE0EBA367EB}.Debug|x86.Build.0 = Debug|Any CPU
		{D00FC1F5-B166-4246-B04D-3CE0EBA367EB}.Release|Any CPU.ActiveCfg = Release|Any CPU
		{D00FC1F5-B166-4246-B04D-3CE0EBA367EB}.Release|Any CPU.Build.0 = Release|Any CPU
		{D00FC1F5-B166-4246-B04D-3CE0EBA367EB}.Release|x64.ActiveCfg = Release|Any CPU
		{D00FC1F5-B166-4246-B04D-3CE0EBA367EB}.Release|x64.Build.0 = Release|Any CPU
		{D00FC1F5-B166-4246-B04D-3CE0EBA367EB}.Release|x86.ActiveCfg = Release|Any CPU
		{D00FC1F5-B166-4246-B04D-3CE0EBA367EB}.Release|x86.Build.0 = Release|Any CPU
	EndGlobalSection
	GlobalSection(NestedProjects) = preSolution
		{61F7BEB3-FB7A-4DFB-B199-DC5FDDD8DD3B} = {E3442D36-1022-4980-8C03-D773B8E66BC1}
		{E789F4D6-942B-48DA-BAC5-5A4A57FC598C} = {E3442D36-1022-4980-8C03-D773B8E66BC1}
		{5A3F809B-F2A7-4552-B505-59FB57A0F2FD} = {E3442D36-1022-4980-8C03-D773B8E66BC1}
		{7C1A35C0-18E0-41C0-8EA1-DC0BD935E975} = {E3442D36-1022-4980-8C03-D773B8E66BC1}
		{B46A084A-F5EB-414E-B79E-EADE9B3BA532} = {CAAD5A88-F990-4328-AF42-2C570CDF825C}
		{4C34437E-EDAD-4052-BB83-24E7529D5BE5} = {CAAD5A88-F990-4328-AF42-2C570CDF825C}
		{D00FC1F5-B166-4246-B04D-3CE0EBA367EB} = {CAAD5A88-F990-4328-AF42-2C570CDF825C}
	EndGlobalSection
EndGlobal
